// !$*UTF8*$!
{
	archiveVersion = 1;
	classes = {
	};
	objectVersion = 46;
	objects = {

/* Begin PBXBuildFile section */
		DB24F8E614E8309D0017150F /* MKMapView+ZoomLevel.m in Sources */ = {isa = PBXBuildFile; fileRef = DB24F8E514E8309D0017150F /* MKMapView+ZoomLevel.m */; };
		DB24F8EA14E83FFD0017150F /* PhotoOnMapAnnotation.m in Sources */ = {isa = PBXBuildFile; fileRef = DB24F8E914E83FFD0017150F /* PhotoOnMapAnnotation.m */; };
		DB24F8ED14E8517F0017150F /* PhotosMapViewController.m in Sources */ = {isa = PBXBuildFile; fileRef = DB24F8EC14E8517F0017150F /* PhotosMapViewController.m */; };
		DB24F8EF14EA30AC0017150F /* iPad_MainStoryboard.Storyboard in Resources */ = {isa = PBXBuildFile; fileRef = DB24F8EE14EA30AB0017150F /* iPad_MainStoryboard.Storyboard */; };
		DBD3AC2414E0EC83008F94C3 /* QuartzCore.framework in Frameworks */ = {isa = PBXBuildFile; fileRef = DBD3AC2314E0EC83008F94C3 /* QuartzCore.framework */; };
		DBD3AC3814E0FFA4008F94C3 /* EGORefreshTableHeaderView.m in Sources */ = {isa = PBXBuildFile; fileRef = DBD3AC2E14E0FFA4008F94C3 /* EGORefreshTableHeaderView.m */; settings = {COMPILER_FLAGS = "-fno-objc-arc"; }; };
		DBD3AC3914E0FFA4008F94C3 /* blackArrow.png in Resources */ = {isa = PBXBuildFile; fileRef = DBD3AC3014E0FFA4008F94C3 /* blackArrow.png */; };
		DBD3AC3A14E0FFA4008F94C3 /* blackArrow@2x.png in Resources */ = {isa = PBXBuildFile; fileRef = DBD3AC3114E0FFA4008F94C3 /* blackArrow@2x.png */; };
		DBD3AC3B14E0FFA4008F94C3 /* blueArrow.png in Resources */ = {isa = PBXBuildFile; fileRef = DBD3AC3214E0FFA4008F94C3 /* blueArrow.png */; };
		DBD3AC3C14E0FFA4008F94C3 /* blueArrow@2x.png in Resources */ = {isa = PBXBuildFile; fileRef = DBD3AC3314E0FFA4008F94C3 /* blueArrow@2x.png */; };
		DBD3AC3D14E0FFA4008F94C3 /* grayArrow.png in Resources */ = {isa = PBXBuildFile; fileRef = DBD3AC3414E0FFA4008F94C3 /* grayArrow.png */; };
		DBD3AC3E14E0FFA4008F94C3 /* grayArrow@2x.png in Resources */ = {isa = PBXBuildFile; fileRef = DBD3AC3514E0FFA4008F94C3 /* grayArrow@2x.png */; };
		DBD3AC3F14E0FFA4008F94C3 /* whiteArrow.png in Resources */ = {isa = PBXBuildFile; fileRef = DBD3AC3614E0FFA4008F94C3 /* whiteArrow.png */; };
		DBD3AC4014E0FFA4008F94C3 /* whiteArrow@2x.png in Resources */ = {isa = PBXBuildFile; fileRef = DBD3AC3714E0FFA4008F94C3 /* whiteArrow@2x.png */; };
		DBD3AC4214E23A0B008F94C3 /* Placeholder.png in Resources */ = {isa = PBXBuildFile; fileRef = DBD3AC4114E23A0B008F94C3 /* Placeholder.png */; };
		DBD3AC8114E4E849008F94C3 /* PlaceMapViewController.m in Sources */ = {isa = PBXBuildFile; fileRef = DBD3AC8014E4E848008F94C3 /* PlaceMapViewController.m */; };
		DBD3AC8514E4F03D008F94C3 /* PlaceOnMapAnnotation.m in Sources */ = {isa = PBXBuildFile; fileRef = DBD3AC8414E4F03D008F94C3 /* PlaceOnMapAnnotation.m */; };
		DBDC80A714DBA463006B4D73 /* RecentPhotosTableViewController.m in Sources */ = {isa = PBXBuildFile; fileRef = DBDC80A614DBA463006B4D73 /* RecentPhotosTableViewController.m */; };
		DBE45E7414DE1BCA00D1858B /* MapKit.framework in Frameworks */ = {isa = PBXBuildFile; fileRef = DBE45E7314DE1BCA00D1858B /* MapKit.framework */; };
		DBE45E7714DE1BD300D1858B /* CoreLocation.framework in Frameworks */ = {isa = PBXBuildFile; fileRef = DBE45E7614DE1BD300D1858B /* CoreLocation.framework */; };
		DBE45E7A14DE3BB900D1858B /* SingletonNetworkSpinner.m in Sources */ = {isa = PBXBuildFile; fileRef = DBE45E7914DE3BB900D1858B /* SingletonNetworkSpinner.m */; };
		DBEEBEE814D795A900D992FD /* UIKit.framework in Frameworks */ = {isa = PBXBuildFile; fileRef = DBEEBEE714D795A900D992FD /* UIKit.framework */; };
		DBEEBEEA14D795A900D992FD /* Foundation.framework in Frameworks */ = {isa = PBXBuildFile; fileRef = DBEEBEE914D795A900D992FD /* Foundation.framework */; };
		DBEEBEEC14D795A900D992FD /* CoreGraphics.framework in Frameworks */ = {isa = PBXBuildFile; fileRef = DBEEBEEB14D795A900D992FD /* CoreGraphics.framework */; };
		DBEEBEF214D795A900D992FD /* InfoPlist.strings in Resources */ = {isa = PBXBuildFile; fileRef = DBEEBEF014D795A900D992FD /* InfoPlist.strings */; };
		DBEEBEF414D795A900D992FD /* main.m in Sources */ = {isa = PBXBuildFile; fileRef = DBEEBEF314D795A900D992FD /* main.m */; };
		DBEEBEF814D795A900D992FD /* AppDelegate.m in Sources */ = {isa = PBXBuildFile; fileRef = DBEEBEF714D795A900D992FD /* AppDelegate.m */; };
		DBEEBEFB14D795A900D992FD /* iPhone_MainStoryboard.storyboard in Resources */ = {isa = PBXBuildFile; fileRef = DBEEBEF914D795A900D992FD /* iPhone_MainStoryboard.storyboard */; };
		DBEEBF0014D795A900D992FD /* first.png in Resources */ = {isa = PBXBuildFile; fileRef = DBEEBEFF14D795A900D992FD /* first.png */; };
		DBEEBF0214D795A900D992FD /* first@2x.png in Resources */ = {isa = PBXBuildFile; fileRef = DBEEBF0114D795A900D992FD /* first@2x.png */; };
		DBEEBF0714D795A900D992FD /* second.png in Resources */ = {isa = PBXBuildFile; fileRef = DBEEBF0614D795A900D992FD /* second.png */; };
		DBEEBF0914D795A900D992FD /* second@2x.png in Resources */ = {isa = PBXBuildFile; fileRef = DBEEBF0814D795A900D992FD /* second@2x.png */; };
		DBEEBF1214D7966500D992FD /* FlickrFetcher.m in Sources */ = {isa = PBXBuildFile; fileRef = DBEEBF1114D7966500D992FD /* FlickrFetcher.m */; };
		DBEEBF1614D7B10700D992FD /* ListOfPlacesTableViewController.m in Sources */ = {isa = PBXBuildFile; fileRef = DBEEBF1414D7B10700D992FD /* ListOfPlacesTableViewController.m */; };
		DBEEBF1A14D905E100D992FD /* PhotosOfPlaceTableViewController.m in Sources */ = {isa = PBXBuildFile; fileRef = DBEEBF1914D905E100D992FD /* PhotosOfPlaceTableViewController.m */; };
		DBEEBF3B14DA775800D992FD /* PhotoScrollViewController.m in Sources */ = {isa = PBXBuildFile; fileRef = DBEEBF3A14DA775800D992FD /* PhotoScrollViewController.m */; };
		DBEEBF3D14DA7A4E00D992FD /* 16598983.jpeg in Resources */ = {isa = PBXBuildFile; fileRef = DBEEBF3C14DA7A4E00D992FD /* 16598983.jpeg */; };
/* End PBXBuildFile section */

/* Begin PBXFileReference section */
		DB24F8E414E8309D0017150F /* MKMapView+ZoomLevel.h */ = {isa = PBXFileReference; fileEncoding = 4; lastKnownFileType = sourcecode.c.h; path = "MKMapView+ZoomLevel.h"; sourceTree = "<group>"; };
		DB24F8E514E8309D0017150F /* MKMapView+ZoomLevel.m */ = {isa = PBXFileReference; fileEncoding = 4; lastKnownFileType = sourcecode.c.objc; path = "MKMapView+ZoomLevel.m"; sourceTree = "<group>"; };
		DB24F8E814E83FFD0017150F /* PhotoOnMapAnnotation.h */ = {isa = PBXFileReference; fileEncoding = 4; lastKnownFileType = sourcecode.c.h; path = PhotoOnMapAnnotation.h; sourceTree = "<group>"; };
		DB24F8E914E83FFD0017150F /* PhotoOnMapAnnotation.m */ = {isa = PBXFileReference; fileEncoding = 4; lastKnownFileType = sourcecode.c.objc; path = PhotoOnMapAnnotation.m; sourceTree = "<group>"; };
		DB24F8EB14E8517F0017150F /* PhotosMapViewController.h */ = {isa = PBXFileReference; fileEncoding = 4; lastKnownFileType = sourcecode.c.h; path = PhotosMapViewController.h; sourceTree = "<group>"; };
		DB24F8EC14E8517F0017150F /* PhotosMapViewController.m */ = {isa = PBXFileReference; fileEncoding = 4; lastKnownFileType = sourcecode.c.objc; path = PhotosMapViewController.m; sourceTree = "<group>"; };
		DB24F8EE14EA30AB0017150F /* iPad_MainStoryboard.Storyboard */ = {isa = PBXFileReference; fileEncoding = 4; lastKnownFileType = file.storyboard; path = iPad_MainStoryboard.Storyboard; sourceTree = "<group>"; };
		DBD3AC2314E0EC83008F94C3 /* QuartzCore.framework */ = {isa = PBXFileReference; lastKnownFileType = wrapper.framework; name = QuartzCore.framework; path = System/Library/Frameworks/QuartzCore.framework; sourceTree = SDKROOT; };
		DBD3AC2D14E0FFA4008F94C3 /* EGORefreshTableHeaderView.h */ = {isa = PBXFileReference; fileEncoding = 4; lastKnownFileType = sourcecode.c.h; path = EGORefreshTableHeaderView.h; sourceTree = "<group>"; };
		DBD3AC2E14E0FFA4008F94C3 /* EGORefreshTableHeaderView.m */ = {isa = PBXFileReference; fileEncoding = 4; lastKnownFileType = sourcecode.c.objc; path = EGORefreshTableHeaderView.m; sourceTree = "<group>"; };
		DBD3AC3014E0FFA4008F94C3 /* blackArrow.png */ = {isa = PBXFileReference; lastKnownFileType = image.png; path = blackArrow.png; sourceTree = "<group>"; };
		DBD3AC3114E0FFA4008F94C3 /* blackArrow@2x.png */ = {isa = PBXFileReference; lastKnownFileType = image.png; path = "blackArrow@2x.png"; sourceTree = "<group>"; };
		DBD3AC3214E0FFA4008F94C3 /* blueArrow.png */ = {isa = PBXFileReference; lastKnownFileType = image.png; path = blueArrow.png; sourceTree = "<group>"; };
		DBD3AC3314E0FFA4008F94C3 /* blueArrow@2x.png */ = {isa = PBXFileReference; lastKnownFileType = image.png; path = "blueArrow@2x.png"; sourceTree = "<group>"; };
		DBD3AC3414E0FFA4008F94C3 /* grayArrow.png */ = {isa = PBXFileReference; lastKnownFileType = image.png; path = grayArrow.png; sourceTree = "<group>"; };
		DBD3AC3514E0FFA4008F94C3 /* grayArrow@2x.png */ = {isa = PBXFileReference; lastKnownFileType = image.png; path = "grayArrow@2x.png"; sourceTree = "<group>"; };
		DBD3AC3614E0FFA4008F94C3 /* whiteArrow.png */ = {isa = PBXFileReference; lastKnownFileType = image.png; path = whiteArrow.png; sourceTree = "<group>"; };
		DBD3AC3714E0FFA4008F94C3 /* whiteArrow@2x.png */ = {isa = PBXFileReference; lastKnownFileType = image.png; path = "whiteArrow@2x.png"; sourceTree = "<group>"; };
		DBD3AC4114E23A0B008F94C3 /* Placeholder.png */ = {isa = PBXFileReference; lastKnownFileType = image.png; path = Placeholder.png; sourceTree = "<group>"; };
		DBD3AC7F14E4E848008F94C3 /* PlaceMapViewController.h */ = {isa = PBXFileReference; fileEncoding = 4; lastKnownFileType = sourcecode.c.h; path = PlaceMapViewController.h; sourceTree = "<group>"; };
		DBD3AC8014E4E848008F94C3 /* PlaceMapViewController.m */ = {isa = PBXFileReference; fileEncoding = 4; lastKnownFileType = sourcecode.c.objc; path = PlaceMapViewController.m; sourceTree = "<group>"; };
		DBD3AC8314E4F03D008F94C3 /* PlaceOnMapAnnotation.h */ = {isa = PBXFileReference; fileEncoding = 4; lastKnownFileType = sourcecode.c.h; name = PlaceOnMapAnnotation.h; path = ../PlaceOnMapAnnotation.h; sourceTree = "<group>"; };
		DBD3AC8414E4F03D008F94C3 /* PlaceOnMapAnnotation.m */ = {isa = PBXFileReference; fileEncoding = 4; lastKnownFileType = sourcecode.c.objc; name = PlaceOnMapAnnotation.m; path = ../PlaceOnMapAnnotation.m; sourceTree = "<group>"; };
		DBDC80A514DBA463006B4D73 /* RecentPhotosTableViewController.h */ = {isa = PBXFileReference; fileEncoding = 4; lastKnownFileType = sourcecode.c.h; path = RecentPhotosTableViewController.h; sourceTree = "<group>"; };
		DBDC80A614DBA463006B4D73 /* RecentPhotosTableViewController.m */ = {isa = PBXFileReference; fileEncoding = 4; lastKnownFileType = sourcecode.c.objc; path = RecentPhotosTableViewController.m; sourceTree = "<group>"; };
		DBE45E7314DE1BCA00D1858B /* MapKit.framework */ = {isa = PBXFileReference; lastKnownFileType = wrapper.framework; name = MapKit.framework; path = System/Library/Frameworks/MapKit.framework; sourceTree = SDKROOT; };
		DBE45E7614DE1BD300D1858B /* CoreLocation.framework */ = {isa = PBXFileReference; lastKnownFileType = wrapper.framework; name = CoreLocation.framework; path = System/Library/Frameworks/CoreLocation.framework; sourceTree = SDKROOT; };
		DBE45E7814DE3BB900D1858B /* SingletonNetworkSpinner.h */ = {isa = PBXFileReference; fileEncoding = 4; lastKnownFileType = sourcecode.c.h; path = SingletonNetworkSpinner.h; sourceTree = "<group>"; };
		DBE45E7914DE3BB900D1858B /* SingletonNetworkSpinner.m */ = {isa = PBXFileReference; fileEncoding = 4; lastKnownFileType = sourcecode.c.objc; path = SingletonNetworkSpinner.m; sourceTree = "<group>"; };
		DBEEBEE314D795A900D992FD /* PhotoGallery.app */ = {isa = PBXFileReference; explicitFileType = wrapper.application; includeInIndex = 0; path = PhotoGallery.app; sourceTree = BUILT_PRODUCTS_DIR; };
		DBEEBEE714D795A900D992FD /* UIKit.framework */ = {isa = PBXFileReference; lastKnownFileType = wrapper.framework; name = UIKit.framework; path = System/Library/Frameworks/UIKit.framework; sourceTree = SDKROOT; };
		DBEEBEE914D795A900D992FD /* Foundation.framework */ = {isa = PBXFileReference; lastKnownFileType = wrapper.framework; name = Foundation.framework; path = System/Library/Frameworks/Foundation.framework; sourceTree = SDKROOT; };
		DBEEBEEB14D795A900D992FD /* CoreGraphics.framework */ = {isa = PBXFileReference; lastKnownFileType = wrapper.framework; name = CoreGraphics.framework; path = System/Library/Frameworks/CoreGraphics.framework; sourceTree = SDKROOT; };
		DBEEBEEF14D795A900D992FD /* PhotoGallery-Info.plist */ = {isa = PBXFileReference; lastKnownFileType = text.plist.xml; path = "PhotoGallery-Info.plist"; sourceTree = "<group>"; };
		DBEEBEF114D795A900D992FD /* en */ = {isa = PBXFileReference; lastKnownFileType = text.plist.strings; name = en; path = en.lproj/InfoPlist.strings; sourceTree = "<group>"; };
		DBEEBEF314D795A900D992FD /* main.m */ = {isa = PBXFileReference; lastKnownFileType = sourcecode.c.objc; path = main.m; sourceTree = "<group>"; };
		DBEEBEF514D795A900D992FD /* PhotoGallery-Prefix.pch */ = {isa = PBXFileReference; lastKnownFileType = sourcecode.c.h; path = "PhotoGallery-Prefix.pch"; sourceTree = "<group>"; };
		DBEEBEF614D795A900D992FD /* AppDelegate.h */ = {isa = PBXFileReference; lastKnownFileType = sourcecode.c.h; path = AppDelegate.h; sourceTree = "<group>"; };
		DBEEBEF714D795A900D992FD /* AppDelegate.m */ = {isa = PBXFileReference; lastKnownFileType = sourcecode.c.objc; path = AppDelegate.m; sourceTree = "<group>"; };
		DBEEBEFA14D795A900D992FD /* en */ = {isa = PBXFileReference; lastKnownFileType = file.storyboard; name = en; path = en.lproj/iPhone_MainStoryboard.storyboard; sourceTree = "<group>"; };
		DBEEBEFF14D795A900D992FD /* first.png */ = {isa = PBXFileReference; lastKnownFileType = image.png; path = first.png; sourceTree = "<group>"; };
		DBEEBF0114D795A900D992FD /* first@2x.png */ = {isa = PBXFileReference; lastKnownFileType = image.png; path = "first@2x.png"; sourceTree = "<group>"; };
		DBEEBF0614D795A900D992FD /* second.png */ = {isa = PBXFileReference; lastKnownFileType = image.png; path = second.png; sourceTree = "<group>"; };
		DBEEBF0814D795A900D992FD /* second@2x.png */ = {isa = PBXFileReference; lastKnownFileType = image.png; path = "second@2x.png"; sourceTree = "<group>"; };
		DBEEBF0F14D7966500D992FD /* FlickrAPIKey.h */ = {isa = PBXFileReference; fileEncoding = 4; lastKnownFileType = sourcecode.c.h; path = FlickrAPIKey.h; sourceTree = "<group>"; };
		DBEEBF1014D7966500D992FD /* FlickrFetcher.h */ = {isa = PBXFileReference; fileEncoding = 4; lastKnownFileType = sourcecode.c.h; path = FlickrFetcher.h; sourceTree = "<group>"; };
		DBEEBF1114D7966500D992FD /* FlickrFetcher.m */ = {isa = PBXFileReference; fileEncoding = 4; lastKnownFileType = sourcecode.c.objc; path = FlickrFetcher.m; sourceTree = "<group>"; };
		DBEEBF1314D7B10700D992FD /* ListOfPlacesTableViewController.h */ = {isa = PBXFileReference; fileEncoding = 4; lastKnownFileType = sourcecode.c.h; path = ListOfPlacesTableViewController.h; sourceTree = "<group>"; };
		DBEEBF1414D7B10700D992FD /* ListOfPlacesTableViewController.m */ = {isa = PBXFileReference; fileEncoding = 4; lastKnownFileType = sourcecode.c.objc; path = ListOfPlacesTableViewController.m; sourceTree = "<group>"; };
		DBEEBF1814D905E000D992FD /* PhotosOfPlaceTableViewController.h */ = {isa = PBXFileReference; fileEncoding = 4; lastKnownFileType = sourcecode.c.h; path = PhotosOfPlaceTableViewController.h; sourceTree = "<group>"; };
		DBEEBF1914D905E100D992FD /* PhotosOfPlaceTableViewController.m */ = {isa = PBXFileReference; fileEncoding = 4; lastKnownFileType = sourcecode.c.objc; path = PhotosOfPlaceTableViewController.m; sourceTree = "<group>"; };
		DBEEBF3914DA775800D992FD /* PhotoScrollViewController.h */ = {isa = PBXFileReference; fileEncoding = 4; lastKnownFileType = sourcecode.c.h; path = PhotoScrollViewController.h; sourceTree = "<group>"; };
		DBEEBF3A14DA775800D992FD /* PhotoScrollViewController.m */ = {isa = PBXFileReference; fileEncoding = 4; lastKnownFileType = sourcecode.c.objc; path = PhotoScrollViewController.m; sourceTree = "<group>"; };
		DBEEBF3C14DA7A4E00D992FD /* 16598983.jpeg */ = {isa = PBXFileReference; lastKnownFileType = image.jpeg; path = 16598983.jpeg; sourceTree = "<group>"; };
/* End PBXFileReference section */

/* Begin PBXFrameworksBuildPhase section */
		DBEEBEE014D795A900D992FD /* Frameworks */ = {
			isa = PBXFrameworksBuildPhase;
			buildActionMask = 2147483647;
			files = (
				DBD3AC2414E0EC83008F94C3 /* QuartzCore.framework in Frameworks */,
				DBE45E7714DE1BD300D1858B /* CoreLocation.framework in Frameworks */,
				DBE45E7414DE1BCA00D1858B /* MapKit.framework in Frameworks */,
				DBEEBEE814D795A900D992FD /* UIKit.framework in Frameworks */,
				DBEEBEEA14D795A900D992FD /* Foundation.framework in Frameworks */,
				DBEEBEEC14D795A900D992FD /* CoreGraphics.framework in Frameworks */,
			);
			runOnlyForDeploymentPostprocessing = 0;
		};
/* End PBXFrameworksBuildPhase section */

/* Begin PBXGroup section */
		DBD3AC2A14E0FFA4008F94C3 /* EGOTableViewPullRefresh */ = {
			isa = PBXGroup;
			children = (
				DBD3AC2B14E0FFA4008F94C3 /* Classes */,
				DBD3AC2F14E0FFA4008F94C3 /* Resources */,
			);
			path = EGOTableViewPullRefresh;
			sourceTree = "<group>";
		};
		DBD3AC2B14E0FFA4008F94C3 /* Classes */ = {
			isa = PBXGroup;
			children = (
				DBD3AC2C14E0FFA4008F94C3 /* View */,
			);
			path = Classes;
			sourceTree = "<group>";
		};
		DBD3AC2C14E0FFA4008F94C3 /* View */ = {
			isa = PBXGroup;
			children = (
				DBD3AC2D14E0FFA4008F94C3 /* EGORefreshTableHeaderView.h */,
				DBD3AC2E14E0FFA4008F94C3 /* EGORefreshTableHeaderView.m */,
			);
			path = View;
			sourceTree = "<group>";
		};
		DBD3AC2F14E0FFA4008F94C3 /* Resources */ = {
			isa = PBXGroup;
			children = (
				DBD3AC3014E0FFA4008F94C3 /* blackArrow.png */,
				DBD3AC3114E0FFA4008F94C3 /* blackArrow@2x.png */,
				DBD3AC3214E0FFA4008F94C3 /* blueArrow.png */,
				DBD3AC3314E0FFA4008F94C3 /* blueArrow@2x.png */,
				DBD3AC3414E0FFA4008F94C3 /* grayArrow.png */,
				DBD3AC3514E0FFA4008F94C3 /* grayArrow@2x.png */,
				DBD3AC3614E0FFA4008F94C3 /* whiteArrow.png */,
				DBD3AC3714E0FFA4008F94C3 /* whiteArrow@2x.png */,
			);
			path = Resources;
			sourceTree = "<group>";
		};
		DBEEBED814D795A900D992FD = {
			isa = PBXGroup;
			children = (
				DBEEBEED14D795A900D992FD /* PhotoGallery */,
				DBEEBEE614D795A900D992FD /* Frameworks */,
				DBEEBEE414D795A900D992FD /* Products */,
			);
			sourceTree = "<group>";
		};
		DBEEBEE414D795A900D992FD /* Products */ = {
			isa = PBXGroup;
			children = (
				DBEEBEE314D795A900D992FD /* PhotoGallery.app */,
			);
			name = Products;
			sourceTree = "<group>";
		};
		DBEEBEE614D795A900D992FD /* Frameworks */ = {
			isa = PBXGroup;
			children = (
				DBD3AC2314E0EC83008F94C3 /* QuartzCore.framework */,
				DBE45E7614DE1BD300D1858B /* CoreLocation.framework */,
				DBE45E7314DE1BCA00D1858B /* MapKit.framework */,
				DBEEBEE714D795A900D992FD /* UIKit.framework */,
				DBEEBEE914D795A900D992FD /* Foundation.framework */,
				DBEEBEEB14D795A900D992FD /* CoreGraphics.framework */,
			);
			name = Frameworks;
			sourceTree = "<group>";
		};
		DBEEBEED14D795A900D992FD /* PhotoGallery */ = {
			isa = PBXGroup;
			children = (
				DBD3AC2A14E0FFA4008F94C3 /* EGOTableViewPullRefresh */,
				DBDC80A514DBA463006B4D73 /* RecentPhotosTableViewController.h */,
				DBDC80A614DBA463006B4D73 /* RecentPhotosTableViewController.m */,
				DBEEBF3914DA775800D992FD /* PhotoScrollViewController.h */,
				DBEEBF3A14DA775800D992FD /* PhotoScrollViewController.m */,
				DBEEBEF614D795A900D992FD /* AppDelegate.h */,
				DBEEBEF714D795A900D992FD /* AppDelegate.m */,
				DB24F8EE14EA30AB0017150F /* iPad_MainStoryboard.Storyboard */,
				DBEEBEF914D795A900D992FD /* iPhone_MainStoryboard.storyboard */,
				DBEEBEFF14D795A900D992FD /* first.png */,
				DBEEBF0114D795A900D992FD /* first@2x.png */,
				DBEEBF0614D795A900D992FD /* second.png */,
				DBEEBF0814D795A900D992FD /* second@2x.png */,
				DBEEBF0F14D7966500D992FD /* FlickrAPIKey.h */,
				DBEEBF1014D7966500D992FD /* FlickrFetcher.h */,
				DBEEBF1114D7966500D992FD /* FlickrFetcher.m */,
				DBEEBF1314D7B10700D992FD /* ListOfPlacesTableViewController.h */,
				DBEEBF1414D7B10700D992FD /* ListOfPlacesTableViewController.m */,
				DBEEBF1814D905E000D992FD /* PhotosOfPlaceTableViewController.h */,
				DBEEBF1914D905E100D992FD /* PhotosOfPlaceTableViewController.m */,
				DBE45E7814DE3BB900D1858B /* SingletonNetworkSpinner.h */,
				DBE45E7914DE3BB900D1858B /* SingletonNetworkSpinner.m */,
				DBD3AC7F14E4E848008F94C3 /* PlaceMapViewController.h */,
				DBD3AC8014E4E848008F94C3 /* PlaceMapViewController.m */,
				DBD3AC8314E4F03D008F94C3 /* PlaceOnMapAnnotation.h */,
				DBD3AC8414E4F03D008F94C3 /* PlaceOnMapAnnotation.m */,
				DB24F8E414E8309D0017150F /* MKMapView+ZoomLevel.h */,
				DB24F8E514E8309D0017150F /* MKMapView+ZoomLevel.m */,
				DB24F8E814E83FFD0017150F /* PhotoOnMapAnnotation.h */,
				DB24F8E914E83FFD0017150F /* PhotoOnMapAnnotation.m */,
				DB24F8EB14E8517F0017150F /* PhotosMapViewController.h */,
				DB24F8EC14E8517F0017150F /* PhotosMapViewController.m */,
				DBEEBEEE14D795A900D992FD /* Supporting Files */,
			);
			path = PhotoGallery;
			sourceTree = "<group>";
		};
		DBEEBEEE14D795A900D992FD /* Supporting Files */ = {
			isa = PBXGroup;
			children = (
				DBD3AC4114E23A0B008F94C3 /* Placeholder.png */,
				DBEEBF3C14DA7A4E00D992FD /* 16598983.jpeg */,
				DBEEBEEF14D795A900D992FD /* PhotoGallery-Info.plist */,
				DBEEBEF014D795A900D992FD /* InfoPlist.strings */,
				DBEEBEF314D795A900D992FD /* main.m */,
				DBEEBEF514D795A900D992FD /* PhotoGallery-Prefix.pch */,
			);
			name = "Supporting Files";
			sourceTree = "<group>";
		};
/* End PBXGroup section */

/* Begin PBXNativeTarget section */
		DBEEBEE214D795A900D992FD /* PhotoGallery */ = {
			isa = PBXNativeTarget;
			buildConfigurationList = DBEEBF0C14D795A900D992FD /* Build configuration list for PBXNativeTarget "PhotoGallery" */;
			buildPhases = (
				DBEEBEDF14D795A900D992FD /* Sources */,
				DBEEBEE014D795A900D992FD /* Frameworks */,
				DBEEBEE114D795A900D992FD /* Resources */,
			);
			buildRules = (
			);
			dependencies = (
			);
			name = PhotoGallery;
			productName = PhotoGallery;
			productReference = DBEEBEE314D795A900D992FD /* PhotoGallery.app */;
			productType = "com.apple.product-type.application";
		};
/* End PBXNativeTarget section */

/* Begin PBXProject section */
		DBEEBEDA14D795A900D992FD /* Project object */ = {
			isa = PBXProject;
			attributes = {
				LastUpgradeCheck = 0420;
			};
			buildConfigurationList = DBEEBEDD14D795A900D992FD /* Build configuration list for PBXProject "PhotoGallery" */;
			compatibilityVersion = "Xcode 3.2";
			developmentRegion = English;
			hasScannedForEncodings = 0;
			knownRegions = (
				en,
			);
			mainGroup = DBEEBED814D795A900D992FD;
			productRefGroup = DBEEBEE414D795A900D992FD /* Products */;
			projectDirPath = "";
			projectRoot = "";
			targets = (
				DBEEBEE214D795A900D992FD /* PhotoGallery */,
			);
		};
/* End PBXProject section */

/* Begin PBXResourcesBuildPhase section */
		DBEEBEE114D795A900D992FD /* Resources */ = {
			isa = PBXResourcesBuildPhase;
			buildActionMask = 2147483647;
			files = (
				DBEEBEF214D795A900D992FD /* InfoPlist.strings in Resources */,
				DBEEBEFB14D795A900D992FD /* iPhone_MainStoryboard.storyboard in Resources */,
				DBEEBF0014D795A900D992FD /* first.png in Resources */,
				DBEEBF0214D795A900D992FD /* first@2x.png in Resources */,
				DBEEBF0714D795A900D992FD /* second.png in Resources */,
				DBEEBF0914D795A900D992FD /* second@2x.png in Resources */,
				DBEEBF3D14DA7A4E00D992FD /* 16598983.jpeg in Resources */,
				DBD3AC3914E0FFA4008F94C3 /* blackArrow.png in Resources */,
				DBD3AC3A14E0FFA4008F94C3 /* blackArrow@2x.png in Resources */,
				DBD3AC3B14E0FFA4008F94C3 /* blueArrow.png in Resources */,
				DBD3AC3C14E0FFA4008F94C3 /* blueArrow@2x.png in Resources */,
				DBD3AC3D14E0FFA4008F94C3 /* grayArrow.png in Resources */,
				DBD3AC3E14E0FFA4008F94C3 /* grayArrow@2x.png in Resources */,
				DBD3AC3F14E0FFA4008F94C3 /* whiteArrow.png in Resources */,
				DBD3AC4014E0FFA4008F94C3 /* whiteArrow@2x.png in Resources */,
				DBD3AC4214E23A0B008F94C3 /* Placeholder.png in Resources */,
				DB24F8EF14EA30AC0017150F /* iPad_MainStoryboard.Storyboard in Resources */,
			);
			runOnlyForDeploymentPostprocessing = 0;
		};
/* End PBXResourcesBuildPhase section */

/* Begin PBXSourcesBuildPhase section */
		DBEEBEDF14D795A900D992FD /* Sources */ = {
			isa = PBXSourcesBuildPhase;
			buildActionMask = 2147483647;
			files = (
				DBEEBEF414D795A900D992FD /* main.m in Sources */,
				DBEEBEF814D795A900D992FD /* AppDelegate.m in Sources */,
				DBEEBF1214D7966500D992FD /* FlickrFetcher.m in Sources */,
				DBEEBF1614D7B10700D992FD /* ListOfPlacesTableViewController.m in Sources */,
				DBEEBF1A14D905E100D992FD /* PhotosOfPlaceTableViewController.m in Sources */,
				DBEEBF3B14DA775800D992FD /* PhotoScrollViewController.m in Sources */,
				DBDC80A714DBA463006B4D73 /* RecentPhotosTableViewController.m in Sources */,
				DBE45E7A14DE3BB900D1858B /* SingletonNetworkSpinner.m in Sources */,
				DBD3AC3814E0FFA4008F94C3 /* EGORefreshTableHeaderView.m in Sources */,
				DBD3AC8114E4E849008F94C3 /* PlaceMapViewController.m in Sources */,
				DBD3AC8514E4F03D008F94C3 /* PlaceOnMapAnnotation.m in Sources */,
				DB24F8E614E8309D0017150F /* MKMapView+ZoomLevel.m in Sources */,
				DB24F8EA14E83FFD0017150F /* PhotoOnMapAnnotation.m in Sources */,
				DB24F8ED14E8517F0017150F /* PhotosMapViewController.m in Sources */,
			);
			runOnlyForDeploymentPostprocessing = 0;
		};
/* End PBXSourcesBuildPhase section */

/* Begin PBXVariantGroup section */
		DBEEBEF014D795A900D992FD /* InfoPlist.strings */ = {
			isa = PBXVariantGroup;
			children = (
				DBEEBEF114D795A900D992FD /* en */,
			);
			name = InfoPlist.strings;
			sourceTree = "<group>";
		};
		DBEEBEF914D795A900D992FD /* iPhone_MainStoryboard.storyboard */ = {
			isa = PBXVariantGroup;
			children = (
				DBEEBEFA14D795A900D992FD /* en */,
			);
			name = iPhone_MainStoryboard.storyboard;
			sourceTree = "<group>";
		};
/* End PBXVariantGroup section */

/* Begin XCBuildConfiguration section */
		DBEEBF0A14D795A900D992FD /* Debug */ = {
			isa = XCBuildConfiguration;
			buildSettings = {
				ALWAYS_SEARCH_USER_PATHS = NO;
				ARCHS = "$(ARCHS_STANDARD_32_BIT)";
				CLANG_ENABLE_OBJC_ARC = YES;
				"CODE_SIGN_IDENTITY[sdk=iphoneos*]" = "iPhone Developer";
				COPY_PHASE_STRIP = NO;
				GCC_C_LANGUAGE_STANDARD = gnu99;
				GCC_DYNAMIC_NO_PIC = NO;
				GCC_OPTIMIZATION_LEVEL = 0;
				GCC_PREPROCESSOR_DEFINITIONS = (
					"DEBUG=1",
					"$(inherited)",
				);
				GCC_SYMBOLS_PRIVATE_EXTERN = NO;
				GCC_VERSION = com.apple.compilers.llvm.clang.1_0;
				GCC_WARN_ABOUT_MISSING_PROTOTYPES = YES;
				GCC_WARN_ABOUT_RETURN_TYPE = YES;
				GCC_WARN_UNUSED_VARIABLE = YES;
				IPHONEOS_DEPLOYMENT_TARGET = 5.0;
				SDKROOT = iphoneos;
			};
			name = Debug;
		};
		DBEEBF0B14D795A900D992FD /* Release */ = {
			isa = XCBuildConfiguration;
			buildSettings = {
				ALWAYS_SEARCH_USER_PATHS = NO;
				ARCHS = "$(ARCHS_STANDARD_32_BIT)";
				CLANG_ENABLE_OBJC_ARC = YES;
				"CODE_SIGN_IDENTITY[sdk=iphoneos*]" = "iPhone Developer";
				COPY_PHASE_STRIP = YES;
				GCC_C_LANGUAGE_STANDARD = gnu99;
				GCC_VERSION = com.apple.compilers.llvm.clang.1_0;
				GCC_WARN_ABOUT_MISSING_PROTOTYPES = YES;
				GCC_WARN_ABOUT_RETURN_TYPE = YES;
				GCC_WARN_UNUSED_VARIABLE = YES;
				IPHONEOS_DEPLOYMENT_TARGET = 5.0;
				OTHER_CFLAGS = "-DNS_BLOCK_ASSERTIONS=1";
				SDKROOT = iphoneos;
				VALIDATE_PRODUCT = YES;
			};
			name = Release;
		};
		DBEEBF0D14D795A900D992FD /* Debug */ = {
			isa = XCBuildConfiguration;
			buildSettings = {
				GCC_PRECOMPILE_PREFIX_HEADER = YES;
				GCC_PREFIX_HEADER = "PhotoGallery/PhotoGallery-Prefix.pch";
				INFOPLIST_FILE = "PhotoGallery/PhotoGallery-Info.plist";
				IPHONEOS_DEPLOYMENT_TARGET = 5.0;
				PRODUCT_NAME = "$(TARGET_NAME)";
				TARGETED_DEVICE_FAMILY = "1,2";
				WRAPPER_EXTENSION = app;
			};
			name = Debug;
		};
		DBEEBF0E14D795A900D992FD /* Release */ = {
			isa = XCBuildConfiguration;
			buildSettings = {
				GCC_PRECOMPILE_PREFIX_HEADER = YES;
				GCC_PREFIX_HEADER = "PhotoGallery/PhotoGallery-Prefix.pch";
				INFOPLIST_FILE = "PhotoGallery/PhotoGallery-Info.plist";
				IPHONEOS_DEPLOYMENT_TARGET = 5.0;
				PRODUCT_NAME = "$(TARGET_NAME)";
				TARGETED_DEVICE_FAMILY = "1,2";
				WRAPPER_EXTENSION = app;
			};
			name = Release;
		};
/* End XCBuildConfiguration section */

/* Begin XCConfigurationList section */
		DBEEBEDD14D795A900D992FD /* Build configuration list for PBXProject "PhotoGallery" */ = {
			isa = XCConfigurationList;
			buildConfigurations = (
				DBEEBF0A14D795A900D992FD /* Debug */,
				DBEEBF0B14D795A900D992FD /* Release */,
			);
			defaultConfigurationIsVisible = 0;
			defaultConfigurationName = Release;
		};
		DBEEBF0C14D795A900D992FD /* Build configuration list for PBXNativeTarget "PhotoGallery" */ = {
			isa = XCConfigurationList;
			buildConfigurations = (
				DBEEBF0D14D795A900D992FD /* Debug */,
				DBEEBF0E14D795A900D992FD /* Release */,
			);
			defaultConfigurationIsVisible = 0;
			defaultConfigurationName = Release;
		};
/* End XCConfigurationList section */
	};
	rootObject = DBEEBEDA14D795A900D992FD /* Project object */;
}
